
Microsoft Visual Studio Solution File, Format Version 12.00
# Visual Studio 14
VisualStudioVersion = 14.0.25420.1
MinimumVisualStudioVersion = 10.0.40219.1
Project("{8BC9CEB8-8B4A-11D0-8D11-00A0C91BC942}") = "TestSplitter", "TestSplitter\TestSplitter.vcxproj", "{B12702AD-ABFB-343A-A199-8E24837244A3}"
EndProject
Project("{8BC9CEB8-8B4A-11D0-8D11-00A0C91BC942}") = "Button", "Button\Button.vcxproj", "{FE6E9CB2-0CEE-4C2C-A3A1-0BF5DBD34545}"
EndProject
Project("{8BC9CEB8-8B4A-11D0-8D11-00A0C91BC942}") = "Button2", "Button2\Button2.vcxproj", "{EC889832-73FD-43E5-B827-8A11114A116B}"
EndProject
Project("{8BC9CEB8-8B4A-11D0-8D11-00A0C91BC942}") = "Progress", "Progress\Progress.vcxproj", "{4A8F9933-8D50-4369-A150-6D3C2C95E0AA}"
EndProject
Project("{8BC9CEB8-8B4A-11D0-8D11-00A0C91BC942}") = "LineEdit", "LineEdit\LineEdit.vcxproj", "{ACFB458F-D4D1-4C41-A44B-5C902DC62B62}"
EndProject
Project("{8BC9CEB8-8B4A-11D0-8D11-00A0C91BC942}") = "Label", "Label\Label.vcxproj", "{26CEDC59-5CED-4F31-BB75-5E1108DD1759}"
EndProject
Project("{8BC9CEB8-8B4A-11D0-8D11-00A0C91BC942}") = "MV", "MV\MV.vcxproj", "{5C44D77D-9A0A-4BD8-97CF-FDC81F22B799}"
EndProject
Global
	GlobalSection(SolutionConfigurationPlatforms) = preSolution
		Debug|x86 = Debug|x86
		Release|x86 = Release|x86
	EndGlobalSection
	GlobalSection(ProjectConfigurationPlatforms) = postSolution
		{B12702AD-ABFB-343A-A199-8E24837244A3}.Debug|x86.ActiveCfg = Debug|Win32
		{B12702AD-ABFB-343A-A199-8E24837244A3}.Debug|x86.Build.0 = Debug|Win32
		{B12702AD-ABFB-343A-A199-8E24837244A3}.Release|x86.ActiveCfg = Release|Win32
		{B12702AD-ABFB-343A-A199-8E24837244A3}.Release|x86.Build.0 = Release|Win32
		{FE6E9CB2-0CEE-4C2C-A3A1-0BF5DBD34545}.Debug|x86.ActiveCfg = Debug|Win32
		{FE6E9CB2-0CEE-4C2C-A3A1-0BF5DBD34545}.Debug|x86.Build.0 = Debug|Win32
		{FE6E9CB2-0CEE-4C2C-A3A1-0BF5DBD34545}.Release|x86.ActiveCfg = Release|Win32
		{FE6E9CB2-0CEE-4C2C-A3A1-0BF5DBD34545}.Release|x86.Build.0 = Release|Win32
		{EC889832-73FD-43E5-B827-8A11114A116B}.Debug|x86.ActiveCfg = Debug|Win32
		{EC889832-73FD-43E5-B827-8A11114A116B}.Debug|x86.Build.0 = Debug|Win32
		{EC889832-73FD-43E5-B827-8A11114A116B}.Release|x86.ActiveCfg = Release|Win32
		{EC889832-73FD-43E5-B827-8A11114A116B}.Release|x86.Build.0 = Release|Win32
		{4A8F9933-8D50-4369-A150-6D3C2C95E0AA}.Debug|x86.ActiveCfg = Debug|Win32
		{4A8F9933-8D50-4369-A150-6D3C2C95E0AA}.Debug|x86.Build.0 = Debug|Win32
		{4A8F9933-8D50-4369-A150-6D3C2C95E0AA}.Release|x86.ActiveCfg = Release|Win32
		{4A8F9933-8D50-4369-A150-6D3C2C95E0AA}.Release|x86.Build.0 = Release|Win32
		{ACFB458F-D4D1-4C41-A44B-5C902DC62B62}.Debug|x86.ActiveCfg = Debug|Win32
		{ACFB458F-D4D1-4C41-A44B-5C902DC62B62}.Debug|x86.Build.0 = Debug|Win32
		{ACFB458F-D4D1-4C41-A44B-5C902DC62B62}.Release|x86.ActiveCfg = Release|Win32
		{ACFB458F-D4D1-4C41-A44B-5C902DC62B62}.Release|x86.Build.0 = Release|Win32
		{26CEDC59-5CED-4F31-BB75-5E1108DD1759}.Debug|x86.ActiveCfg = Debug|Win32
		{26CEDC59-5CED-4F31-BB75-5E1108DD1759}.Debug|x86.Build.0 = Debug|Win32
		{26CEDC59-5CED-4F31-BB75-5E1108DD1759}.Release|x86.ActiveCfg = Release|Win32
		{26CEDC59-5CED-4F31-BB75-5E1108DD1759}.Release|x86.Build.0 = Release|Win32
		{5C44D77D-9A0A-4BD8-97CF-FDC81F22B799}.Debug|x86.ActiveCfg = Debug|Win32
		{5C44D77D-9A0A-4BD8-97CF-FDC81F22B799}.Debug|x86.Build.0 = Debug|Win32
		{5C44D77D-9A0A-4BD8-97CF-FDC81F22B799}.Release|x86.ActiveCfg = Release|Win32
		{5C44D77D-9A0A-4BD8-97CF-FDC81F22B799}.Release|x86.Build.0 = Release|Win32
	EndGlobalSection
	GlobalSection(SolutionProperties) = preSolution
		HideSolutionNode = FALSE
	EndGlobalSection
EndGlobal
